<Solution>
  <Project Path="InternPortal.Application/InternPortal.Application.csproj" />
  <Project Path="InternPortal.Domain/InternPortal.Domain.csproj" />
  <Project Path="InternPortal.Infrastructure/InternPortal.Infrastructure.csproj" />
  <Project Path="InternPortal.WebUI/InternPortalAPI.csproj" />
  <Project Path="InternPortal/InternPortal.WebUI.csproj" />
</Solution>
